
Microsoft Visual Studio Solution File, Format Version 12.00
# Visual Studio Version 16
VisualStudioVersion = 16.0.29326.143
MinimumVisualStudioVersion = 10.0.40219.1
Project("{9A19103F-16F7-4668-BE54-9A1E7A4F7556}") = "JMG.HttpClientFactory", "JMG.HttpClientFactory\JMG.HttpClientFactory.csproj", "{00E7ADBB-43A7-482F-B1BF-4AD720CC621D}"
EndProject
Project("{9A19103F-16F7-4668-BE54-9A1E7A4F7556}") = "JMG.HttpClientFactoryTests", "JMG.HttpClientFactoryTests\JMG.HttpClientFactoryTests.csproj", "{EFFB62E7-07A2-4579-9572-8F0664AEB9C1}"
EndProject
Project("{FAE04EC0-301F-11D3-BF4B-00C04F79EFBC}") = "JMG.HttpClientFactoryTestsF", "JMG.HttpClientFactoryTestsF\JMG.HttpClientFactoryTestsF.csproj", "{DA4B52DA-2C24-4170-86F8-446F3F942A50}"
EndProject
Project("{FAE04EC0-301F-11D3-BF4B-00C04F79EFBC}") = "PortExhaustionPresentationFramework", "PortExhaustionPresentationFramework\PortExhaustionPresentationFramework.csproj", "{0827BB8B-E050-47A5-8A98-B1B1DBE4C86E}"
EndProject
Project("{FAE04EC0-301F-11D3-BF4B-00C04F79EFBC}") = "PortExhaustionPresentationCore", "PortExhaustionPresentationCore\PortExhaustionPresentationCore.csproj", "{72A34FF7-C333-4A15-92A3-6FD997AE39F0}"
EndProject
Global
	GlobalSection(SolutionConfigurationPlatforms) = preSolution
		Debug|Any CPU = Debug|Any CPU
		Release|Any CPU = Release|Any CPU
	EndGlobalSection
	GlobalSection(ProjectConfigurationPlatforms) = postSolution
		{00E7ADBB-43A7-482F-B1BF-4AD720CC621D}.Debug|Any CPU.ActiveCfg = Debug|Any CPU
		{00E7ADBB-43A7-482F-B1BF-4AD720CC621D}.Debug|Any CPU.Build.0 = Debug|Any CPU
		{00E7ADBB-43A7-482F-B1BF-4AD720CC621D}.Release|Any CPU.ActiveCfg = Release|Any CPU
		{00E7ADBB-43A7-482F-B1BF-4AD720CC621D}.Release|Any CPU.Build.0 = Release|Any CPU
		{EFFB62E7-07A2-4579-9572-8F0664AEB9C1}.Debug|Any CPU.ActiveCfg = Debug|Any CPU
		{EFFB62E7-07A2-4579-9572-8F0664AEB9C1}.Debug|Any CPU.Build.0 = Debug|Any CPU
		{EFFB62E7-07A2-4579-9572-8F0664AEB9C1}.Release|Any CPU.ActiveCfg = Release|Any CPU
		{EFFB62E7-07A2-4579-9572-8F0664AEB9C1}.Release|Any CPU.Build.0 = Release|Any CPU
		{DA4B52DA-2C24-4170-86F8-446F3F942A50}.Debug|Any CPU.ActiveCfg = Debug|Any CPU
		{DA4B52DA-2C24-4170-86F8-446F3F942A50}.Debug|Any CPU.Build.0 = Debug|Any CPU
		{DA4B52DA-2C24-4170-86F8-446F3F942A50}.Release|Any CPU.ActiveCfg = Release|Any CPU
		{DA4B52DA-2C24-4170-86F8-446F3F942A50}.Release|Any CPU.Build.0 = Release|Any CPU
		{0827BB8B-E050-47A5-8A98-B1B1DBE4C86E}.Debug|Any CPU.ActiveCfg = Debug|Any CPU
		{0827BB8B-E050-47A5-8A98-B1B1DBE4C86E}.Debug|Any CPU.Build.0 = Debug|Any CPU
		{0827BB8B-E050-47A5-8A98-B1B1DBE4C86E}.Release|Any CPU.ActiveCfg = Release|Any CPU
		{0827BB8B-E050-47A5-8A98-B1B1DBE4C86E}.Release|Any CPU.Build.0 = Release|Any CPU
		{72A34FF7-C333-4A15-92A3-6FD997AE39F0}.Debug|Any CPU.ActiveCfg = Debug|Any CPU
		{72A34FF7-C333-4A15-92A3-6FD997AE39F0}.Debug|Any CPU.Build.0 = Debug|Any CPU
		{72A34FF7-C333-4A15-92A3-6FD997AE39F0}.Release|Any CPU.ActiveCfg = Release|Any CPU
		{72A34FF7-C333-4A15-92A3-6FD997AE39F0}.Release|Any CPU.Build.0 = Release|Any CPU
	EndGlobalSection
	GlobalSection(SolutionProperties) = preSolution
		HideSolutionNode = FALSE
	EndGlobalSection
	GlobalSection(ExtensibilityGlobals) = postSolution
		SolutionGuid = {6E33E1CF-84B8-4377-87B7-DB1C390DCBA0}
	EndGlobalSection
EndGlobal
